PODS:
  - Realm (3.11.1):
    - Realm/Headers (= 3.11.1)
  - Realm/Headers (3.11.1)
  - RealmSwift (3.11.1):
    - Realm (= 3.11.1)
  - SwipeCellKit (2.5.0)
  - UITableViewCellAnimation (1.0.6)

DEPENDENCIES:
  - RealmSwift
  - SwipeCellKit
  - UITableViewCellAnimation

SPEC REPOS:
  https://github.com/CocoaPods/Specs.git:
    - Realm
    - RealmSwift
    - SwipeCellKit
    - UITableViewCellAnimation

SPEC CHECKSUMS:
  Realm: 037c5919b9ceb59d6beed5d3b031096856b119b3
  RealmSwift: c9580133e73ef40ed340401af2dbc9a5790dfea7
  SwipeCellKit: d8f2617538ce3021cb0a11d1b93856a06a2f2e20
  UITableViewCellAnimation: f4b65d0b85a02aeba2307c04fe97e1c82b3989f2

PODFILE CHECKSUM: f8e88e0d15571982ae628194abf675dabe824262

COCOAPODS: 1.5.0
